
Microsoft Visual Studio Solution File, Format Version 12.00
# Visual Studio Version 17
VisualStudioVersion = 17.7.34009.444
MinimumVisualStudioVersion = 10.0.40219.1
Project("{FAE04EC0-301F-11D3-BF4B-00C04F79EFBC}") = "MongoDbBenchmark", "MongoDbBenchmark\MongoDbBenchmark.csproj", "{5B2B7830-5CC1-43E1-9982-00DEBAA345DB}"
EndProject
Project("{FAE04EC0-301F-11D3-BF4B-00C04F79EFBC}") = "GenrateFakeData", "GenrateFakeData\GenrateFakeData.csproj", "{B1D73744-558C-4CC1-8D56-109792842423}"
EndProject
Project("{FAE04EC0-301F-11D3-BF4B-00C04F79EFBC}") = "DataModel", "DataModel\DataModel.csproj", "{DCA82924-8E8D-4598-B6A7-B9E8B1514931}"
EndProject
Global
	GlobalSection(SolutionConfigurationPlatforms) = preSolution
		Debug|Any CPU = Debug|Any CPU
		Release|Any CPU = Release|Any CPU
	EndGlobalSection
	GlobalSection(ProjectConfigurationPlatforms) = postSolution
		{5B2B7830-5CC1-43E1-9982-00DEBAA345DB}.Debug|Any CPU.ActiveCfg = Debug|Any CPU
		{5B2B7830-5CC1-43E1-9982-00DEBAA345DB}.Debug|Any CPU.Build.0 = Debug|Any CPU
		{5B2B7830-5CC1-43E1-9982-00DEBAA345DB}.Release|Any CPU.ActiveCfg = Release|Any CPU
		{5B2B7830-5CC1-43E1-9982-00DEBAA345DB}.Release|Any CPU.Build.0 = Release|Any CPU
		{B1D73744-558C-4CC1-8D56-109792842423}.Debug|Any CPU.ActiveCfg = Debug|Any CPU
		{B1D73744-558C-4CC1-8D56-109792842423}.Debug|Any CPU.Build.0 = Debug|Any CPU
		{B1D73744-558C-4CC1-8D56-109792842423}.Release|Any CPU.ActiveCfg = Release|Any CPU
		{B1D73744-558C-4CC1-8D56-109792842423}.Release|Any CPU.Build.0 = Release|Any CPU
		{DCA82924-8E8D-4598-B6A7-B9E8B1514931}.Debug|Any CPU.ActiveCfg = Debug|Any CPU
		{DCA82924-8E8D-4598-B6A7-B9E8B1514931}.Debug|Any CPU.Build.0 = Debug|Any CPU
		{DCA82924-8E8D-4598-B6A7-B9E8B1514931}.Release|Any CPU.ActiveCfg = Release|Any CPU
		{DCA82924-8E8D-4598-B6A7-B9E8B1514931}.Release|Any CPU.Build.0 = Release|Any CPU
	EndGlobalSection
	GlobalSection(SolutionProperties) = preSolution
		HideSolutionNode = FALSE
	EndGlobalSection
	GlobalSection(ExtensibilityGlobals) = postSolution
		SolutionGuid = {1654D4AD-AFEC-4B22-AC19-8368119162E6}
	EndGlobalSection
EndGlobal
